// !$*UTF8*$!
{
	archiveVersion = 1;
	classes = {
	};
	objectVersion = 50;
	objects = {

/* Begin PBXBuildFile section */
		FE245E7825A0AD33007527EA /* ActionsConfigurator.swift in Sources */ = {isa = PBXBuildFile; fileRef = FE245E7725A0AD33007527EA /* ActionsConfigurator.swift */; };
		FE6A0E4225A32E6C00AA2DC5 /* Main.storyboard in Resources */ = {isa = PBXBuildFile; fileRef = FE6A0E4025A32E6C00AA2DC5 /* Main.storyboard */; };
		FE6A0E4825A3415400AA2DC5 /* ActionsEntity.swift in Sources */ = {isa = PBXBuildFile; fileRef = FE6A0E4725A3415400AA2DC5 /* ActionsEntity.swift */; };
		FE6A0E4B25A3443400AA2DC5 /* GetActionsService.swift in Sources */ = {isa = PBXBuildFile; fileRef = FE6A0E4A25A3443400AA2DC5 /* GetActionsService.swift */; };
		FEB15F4D259A35C900A33232 /* AppDelegate.swift in Sources */ = {isa = PBXBuildFile; fileRef = FEB15F4C259A35C900A33232 /* AppDelegate.swift */; };
		FEB15F4F259A35C900A33232 /* SceneDelegate.swift in Sources */ = {isa = PBXBuildFile; fileRef = FEB15F4E259A35C900A33232 /* SceneDelegate.swift */; };
		FEB15F56259A35CA00A33232 /* Assets.xcassets in Resources */ = {isa = PBXBuildFile; fileRef = FEB15F55259A35CA00A33232 /* Assets.xcassets */; };
		FEB15F59259A35CA00A33232 /* LaunchScreen.storyboard in Resources */ = {isa = PBXBuildFile; fileRef = FEB15F57259A35CA00A33232 /* LaunchScreen.storyboard */; };
		FEB15F64259A5D3A00A33232 /* ActionCell.swift in Sources */ = {isa = PBXBuildFile; fileRef = FEB15F63259A5D3A00A33232 /* ActionCell.swift */; };
		FEB15F68259A7A9B00A33232 /* ActionsCollectionHeaderView.swift in Sources */ = {isa = PBXBuildFile; fileRef = FEB15F67259A7A9B00A33232 /* ActionsCollectionHeaderView.swift */; };
		FEB15F71259E5FEF00A33232 /* ActionsViewController.swift in Sources */ = {isa = PBXBuildFile; fileRef = FEB15F70259E5FEF00A33232 /* ActionsViewController.swift */; };
		FEB15F76259E603000A33232 /* ActionsRouter.swift in Sources */ = {isa = PBXBuildFile; fileRef = FEB15F75259E603000A33232 /* ActionsRouter.swift */; };
		FEB15F7C259E606800A33232 /* ActionsInteractor.swift in Sources */ = {isa = PBXBuildFile; fileRef = FEB15F7B259E606800A33232 /* ActionsInteractor.swift */; };
		FEB15F7F259E607700A33232 /* ActionsPresenter.swift in Sources */ = {isa = PBXBuildFile; fileRef = FEB15F7E259E607700A33232 /* ActionsPresenter.swift */; };
		FEB15F82259E609200A33232 /* ActionsProtocols.swift in Sources */ = {isa = PBXBuildFile; fileRef = FEB15F81259E609200A33232 /* ActionsProtocols.swift */; };
/* End PBXBuildFile section */

/* Begin PBXFileReference section */
		FE245E7725A0AD33007527EA /* ActionsConfigurator.swift */ = {isa = PBXFileReference; lastKnownFileType = sourcecode.swift; path = ActionsConfigurator.swift; sourceTree = "<group>"; };
		FE6A0E4125A32E6C00AA2DC5 /* Base */ = {isa = PBXFileReference; lastKnownFileType = file.storyboard; name = Base; path = Base.lproj/Main.storyboard; sourceTree = "<group>"; };
		FE6A0E4725A3415400AA2DC5 /* ActionsEntity.swift */ = {isa = PBXFileReference; lastKnownFileType = sourcecode.swift; path = ActionsEntity.swift; sourceTree = "<group>"; };
		FE6A0E4A25A3443400AA2DC5 /* GetActionsService.swift */ = {isa = PBXFileReference; lastKnownFileType = sourcecode.swift; path = GetActionsService.swift; sourceTree = "<group>"; };
		FEB15F49259A35C900A33232 /* Avito iOS intership.app */ = {isa = PBXFileReference; explicitFileType = wrapper.application; includeInIndex = 0; path = "Avito iOS intership.app"; sourceTree = BUILT_PRODUCTS_DIR; };
		FEB15F4C259A35C900A33232 /* AppDelegate.swift */ = {isa = PBXFileReference; lastKnownFileType = sourcecode.swift; path = AppDelegate.swift; sourceTree = "<group>"; };
		FEB15F4E259A35C900A33232 /* SceneDelegate.swift */ = {isa = PBXFileReference; lastKnownFileType = sourcecode.swift; path = SceneDelegate.swift; sourceTree = "<group>"; };
		FEB15F55259A35CA00A33232 /* Assets.xcassets */ = {isa = PBXFileReference; lastKnownFileType = folder.assetcatalog; path = Assets.xcassets; sourceTree = "<group>"; };
		FEB15F58259A35CA00A33232 /* Base */ = {isa = PBXFileReference; lastKnownFileType = file.storyboard; name = Base; path = Base.lproj/LaunchScreen.storyboard; sourceTree = "<group>"; };
		FEB15F5A259A35CA00A33232 /* Info.plist */ = {isa = PBXFileReference; lastKnownFileType = text.plist.xml; path = Info.plist; sourceTree = "<group>"; };
		FEB15F63259A5D3A00A33232 /* ActionCell.swift */ = {isa = PBXFileReference; lastKnownFileType = sourcecode.swift; path = ActionCell.swift; sourceTree = "<group>"; };
		FEB15F67259A7A9B00A33232 /* ActionsCollectionHeaderView.swift */ = {isa = PBXFileReference; lastKnownFileType = sourcecode.swift; path = ActionsCollectionHeaderView.swift; sourceTree = "<group>"; };
		FEB15F70259E5FEF00A33232 /* ActionsViewController.swift */ = {isa = PBXFileReference; lastKnownFileType = sourcecode.swift; path = ActionsViewController.swift; sourceTree = "<group>"; };
		FEB15F75259E603000A33232 /* ActionsRouter.swift */ = {isa = PBXFileReference; lastKnownFileType = sourcecode.swift; path = ActionsRouter.swift; sourceTree = "<group>"; };
		FEB15F7B259E606800A33232 /* ActionsInteractor.swift */ = {isa = PBXFileReference; lastKnownFileType = sourcecode.swift; path = ActionsInteractor.swift; sourceTree = "<group>"; };
		FEB15F7E259E607700A33232 /* ActionsPresenter.swift */ = {isa = PBXFileReference; lastKnownFileType = sourcecode.swift; path = ActionsPresenter.swift; sourceTree = "<group>"; };
		FEB15F81259E609200A33232 /* ActionsProtocols.swift */ = {isa = PBXFileReference; lastKnownFileType = sourcecode.swift; path = ActionsProtocols.swift; sourceTree = "<group>"; };
/* End PBXFileReference section */

/* Begin PBXFrameworksBuildPhase section */
		FEB15F46259A35C900A33232 /* Frameworks */ = {
			isa = PBXFrameworksBuildPhase;
			buildActionMask = 2147483647;
			files = (
			);
			runOnlyForDeploymentPostprocessing = 0;
		};
/* End PBXFrameworksBuildPhase section */

/* Begin PBXGroup section */
		FE245E8025A0BC8E007527EA /* Views */ = {
			isa = PBXGroup;
			children = (
				FEB15F67259A7A9B00A33232 /* ActionsCollectionHeaderView.swift */,
				FEB15F63259A5D3A00A33232 /* ActionCell.swift */,
			);
			path = Views;
			sourceTree = "<group>";
		};
		FEB15F40259A35C900A33232 = {
			isa = PBXGroup;
			children = (
				FEB15F4B259A35C900A33232 /* Avito iOS intership */,
				FEB15F4A259A35C900A33232 /* Products */,
			);
			sourceTree = "<group>";
		};
		FEB15F4A259A35C900A33232 /* Products */ = {
			isa = PBXGroup;
			children = (
				FEB15F49259A35C900A33232 /* Avito iOS intership.app */,
			);
			name = Products;
			sourceTree = "<group>";
		};
		FEB15F4B259A35C900A33232 /* Avito iOS intership */ = {
			isa = PBXGroup;
			children = (
				FEB15F4C259A35C900A33232 /* AppDelegate.swift */,
				FEB15F4E259A35C900A33232 /* SceneDelegate.swift */,
				FEB15F6E259E5D8000A33232 /* Modules */,
				FE6A0E4725A3415400AA2DC5 /* ActionsEntity.swift */,
				FE6A0E4A25A3443400AA2DC5 /* GetActionsService.swift */,
				FEB15F55259A35CA00A33232 /* Assets.xcassets */,
				FE6A0E4025A32E6C00AA2DC5 /* Main.storyboard */,
				FEB15F57259A35CA00A33232 /* LaunchScreen.storyboard */,
				FEB15F5A259A35CA00A33232 /* Info.plist */,
			);
			path = "Avito iOS intership";
			sourceTree = "<group>";
		};
		FEB15F6E259E5D8000A33232 /* Modules */ = {
			isa = PBXGroup;
			children = (
				FEB15F6F259E5D9800A33232 /* ActionsModule */,
			);
			path = Modules;
			sourceTree = "<group>";
		};
		FEB15F6F259E5D9800A33232 /* ActionsModule */ = {
			isa = PBXGroup;
			children = (
				FE245E7725A0AD33007527EA /* ActionsConfigurator.swift */,
				FEB15F81259E609200A33232 /* ActionsProtocols.swift */,
				FEB15F75259E603000A33232 /* ActionsRouter.swift */,
				FEB15F7B259E606800A33232 /* ActionsInteractor.swift */,
				FEB15F7E259E607700A33232 /* ActionsPresenter.swift */,
				FEB15F70259E5FEF00A33232 /* ActionsViewController.swift */,
				FE245E8025A0BC8E007527EA /* Views */,
			);
			path = ActionsModule;
			sourceTree = "<group>";
		};
/* End PBXGroup section */

/* Begin PBXNativeTarget section */
		FEB15F48259A35C900A33232 /* Avito iOS intership */ = {
			isa = PBXNativeTarget;
			buildConfigurationList = FEB15F5D259A35CA00A33232 /* Build configuration list for PBXNativeTarget "Avito iOS intership" */;
			buildPhases = (
				FEB15F45259A35C900A33232 /* Sources */,
				FEB15F46259A35C900A33232 /* Frameworks */,
				FEB15F47259A35C900A33232 /* Resources */,
			);
			buildRules = (
			);
			dependencies = (
			);
			name = "Avito iOS intership";
			productName = "Avito iOS intership";
			productReference = FEB15F49259A35C900A33232 /* Avito iOS intership.app */;
			productType = "com.apple.product-type.application";
		};
/* End PBXNativeTarget section */

/* Begin PBXProject section */
		FEB15F41259A35C900A33232 /* Project object */ = {
			isa = PBXProject;
			attributes = {
				LastSwiftUpdateCheck = 1220;
				LastUpgradeCheck = 1220;
				TargetAttributes = {
					FEB15F48259A35C900A33232 = {
						CreatedOnToolsVersion = 12.2;
					};
				};
			};
			buildConfigurationList = FEB15F44259A35C900A33232 /* Build configuration list for PBXProject "Avito iOS intership" */;
			compatibilityVersion = "Xcode 9.3";
			developmentRegion = en;
			hasScannedForEncodings = 0;
			knownRegions = (
				en,
				Base,
			);
			mainGroup = FEB15F40259A35C900A33232;
			productRefGroup = FEB15F4A259A35C900A33232 /* Products */;
			projectDirPath = "";
			projectRoot = "";
			targets = (
				FEB15F48259A35C900A33232 /* Avito iOS intership */,
			);
		};
/* End PBXProject section */

/* Begin PBXResourcesBuildPhase section */
		FEB15F47259A35C900A33232 /* Resources */ = {
			isa = PBXResourcesBuildPhase;
			buildActionMask = 2147483647;
			files = (
				FE6A0E4225A32E6C00AA2DC5 /* Main.storyboard in Resources */,
				FEB15F59259A35CA00A33232 /* LaunchScreen.storyboard in Resources */,
				FEB15F56259A35CA00A33232 /* Assets.xcassets in Resources */,
			);
			runOnlyForDeploymentPostprocessing = 0;
		};
/* End PBXResourcesBuildPhase section */

/* Begin PBXSourcesBuildPhase section */
		FEB15F45259A35C900A33232 /* Sources */ = {
			isa = PBXSourcesBuildPhase;
			buildActionMask = 2147483647;
			files = (
				FEB15F68259A7A9B00A33232 /* ActionsCollectionHeaderView.swift in Sources */,
				FEB15F64259A5D3A00A33232 /* ActionCell.swift in Sources */,
				FEB15F76259E603000A33232 /* ActionsRouter.swift in Sources */,
				FE6A0E4B25A3443400AA2DC5 /* GetActionsService.swift in Sources */,
				FEB15F4D259A35C900A33232 /* AppDelegate.swift in Sources */,
				FEB15F7F259E607700A33232 /* ActionsPresenter.swift in Sources */,
				FEB15F82259E609200A33232 /* ActionsProtocols.swift in Sources */,
				FE245E7825A0AD33007527EA /* ActionsConfigurator.swift in Sources */,
				FEB15F7C259E606800A33232 /* ActionsInteractor.swift in Sources */,
				FEB15F71259E5FEF00A33232 /* ActionsViewController.swift in Sources */,
				FE6A0E4825A3415400AA2DC5 /* ActionsEntity.swift in Sources */,
				FEB15F4F259A35C900A33232 /* SceneDelegate.swift in Sources */,
			);
			runOnlyForDeploymentPostprocessing = 0;
		};
/* End PBXSourcesBuildPhase section */

/* Begin PBXVariantGroup section */
		FE6A0E4025A32E6C00AA2DC5 /* Main.storyboard */ = {
			isa = PBXVariantGroup;
			children = (
				FE6A0E4125A32E6C00AA2DC5 /* Base */,
			);
			name = Main.storyboard;
			sourceTree = "<group>";
		};
		FEB15F57259A35CA00A33232 /* LaunchScreen.storyboard */ = {
			isa = PBXVariantGroup;
			children = (
				FEB15F58259A35CA00A33232 /* Base */,
			);
			name = LaunchScreen.storyboard;
			sourceTree = "<group>";
		};
/* End PBXVariantGroup section */

/* Begin XCBuildConfiguration section */
		FEB15F5B259A35CA00A33232 /* Debug */ = {
			isa = XCBuildConfiguration;
			buildSettings = {
				ALWAYS_SEARCH_USER_PATHS = NO;
				CLANG_ANALYZER_NONNULL = YES;
				CLANG_ANALYZER_NUMBER_OBJECT_CONVERSION = YES_AGGRESSIVE;
				CLANG_CXX_LANGUAGE_STANDARD = "gnu++14";
				CLANG_CXX_LIBRARY = "libc++";
				CLANG_ENABLE_MODULES = YES;
				CLANG_ENABLE_OBJC_ARC = YES;
				CLANG_ENABLE_OBJC_WEAK = YES;
				CLANG_WARN_BLOCK_CAPTURE_AUTORELEASING = YES;
				CLANG_WARN_BOOL_CONVERSION = YES;
				CLANG_WARN_COMMA = YES;
				CLANG_WARN_CONSTANT_CONVERSION = YES;
				CLANG_WARN_DEPRECATED_OBJC_IMPLEMENTATIONS = YES;
				CLANG_WARN_DIRECT_OBJC_ISA_USAGE = YES_ERROR;
				CLANG_WARN_DOCUMENTATION_COMMENTS = YES;
				CLANG_WARN_EMPTY_BODY = YES;
				CLANG_WARN_ENUM_CONVERSION = YES;
				CLANG_WARN_INFINITE_RECURSION = YES;
				CLANG_WARN_INT_CONVERSION = YES;
				CLANG_WARN_NON_LITERAL_NULL_CONVERSION = YES;
				CLANG_WARN_OBJC_IMPLICIT_RETAIN_SELF = YES;
				CLANG_WARN_OBJC_LITERAL_CONVERSION = YES;
				CLANG_WARN_OBJC_ROOT_CLASS = YES_ERROR;
				CLANG_WARN_QUOTED_INCLUDE_IN_FRAMEWORK_HEADER = YES;
				CLANG_WARN_RANGE_LOOP_ANALYSIS = YES;
				CLANG_WARN_STRICT_PROTOTYPES = YES;
				CLANG_WARN_SUSPICIOUS_MOVE = YES;
				CLANG_WARN_UNGUARDED_AVAILABILITY = YES_AGGRESSIVE;
				CLANG_WARN_UNREACHABLE_CODE = YES;
				CLANG_WARN__DUPLICATE_METHOD_MATCH = YES;
				COPY_PHASE_STRIP = NO;
				DEBUG_INFORMATION_FORMAT = dwarf;
				ENABLE_STRICT_OBJC_MSGSEND = YES;
				ENABLE_TESTABILITY = YES;
				GCC_C_LANGUAGE_STANDARD = gnu11;
				GCC_DYNAMIC_NO_PIC = NO;
				GCC_NO_COMMON_BLOCKS = YES;
				GCC_OPTIMIZATION_LEVEL = 0;
				GCC_PREPROCESSOR_DEFINITIONS = (
					"DEBUG=1",
					"$(inherited)",
				);
				GCC_WARN_64_TO_32_BIT_CONVERSION = YES;
				GCC_WARN_ABOUT_RETURN_TYPE = YES_ERROR;
				GCC_WARN_UNDECLARED_SELECTOR = YES;
				GCC_WARN_UNINITIALIZED_AUTOS = YES_AGGRESSIVE;
				GCC_WARN_UNUSED_FUNCTION = YES;
				GCC_WARN_UNUSED_VARIABLE = YES;
				IPHONEOS_DEPLOYMENT_TARGET = 14.2;
				MTL_ENABLE_DEBUG_INFO = INCLUDE_SOURCE;
				MTL_FAST_MATH = YES;
				ONLY_ACTIVE_ARCH = YES;
				SDKROOT = iphoneos;
				SWIFT_ACTIVE_COMPILATION_CONDITIONS = DEBUG;
				SWIFT_OPTIMIZATION_LEVEL = "-Onone";
			};
			name = Debug;
		};
		FEB15F5C259A35CA00A33232 /* Release */ = {
			isa = XCBuildConfiguration;
			buildSettings = {
				ALWAYS_SEARCH_USER_PATHS = NO;
				CLANG_ANALYZER_NONNULL = YES;
				CLANG_ANALYZER_NUMBER_OBJECT_CONVERSION = YES_AGGRESSIVE;
				CLANG_CXX_LANGUAGE_STANDARD = "gnu++14";
				CLANG_CXX_LIBRARY = "libc++";
				CLANG_ENABLE_MODULES = YES;
				CLANG_ENABLE_OBJC_ARC = YES;
				CLANG_ENABLE_OBJC_WEAK = YES;
				CLANG_WARN_BLOCK_CAPTURE_AUTORELEASING = YES;
				CLANG_WARN_BOOL_CONVERSION = YES;
				CLANG_WARN_COMMA = YES;
				CLANG_WARN_CONSTANT_CONVERSION = YES;
				CLANG_WARN_DEPRECATED_OBJC_IMPLEMENTATIONS = YES;
				CLANG_WARN_DIRECT_OBJC_ISA_USAGE = YES_ERROR;
				CLANG_WARN_DOCUMENTATION_COMMENTS = YES;
				CLANG_WARN_EMPTY_BODY = YES;
				CLANG_WARN_ENUM_CONVERSION = YES;
				CLANG_WARN_INFINITE_RECURSION = YES;
				CLANG_WARN_INT_CONVERSION = YES;
				CLANG_WARN_NON_LITERAL_NULL_CONVERSION = YES;
				CLANG_WARN_OBJC_IMPLICIT_RETAIN_SELF = YES;
				CLANG_WARN_OBJC_LITERAL_CONVERSION = YES;
				CLANG_WARN_OBJC_ROOT_CLASS = YES_ERROR;
				CLANG_WARN_QUOTED_INCLUDE_IN_FRAMEWORK_HEADER = YES;
				CLANG_WARN_RANGE_LOOP_ANALYSIS = YES;
				CLANG_WARN_STRICT_PROTOTYPES = YES;
				CLANG_WARN_SUSPICIOUS_MOVE = YES;
				CLANG_WARN_UNGUARDED_AVAILABILITY = YES_AGGRESSIVE;
				CLANG_WARN_UNREACHABLE_CODE = YES;
				CLANG_WARN__DUPLICATE_METHOD_MATCH = YES;
				COPY_PHASE_STRIP = NO;
				DEBUG_INFORMATION_FORMAT = "dwarf-with-dsym";
				ENABLE_NS_ASSERTIONS = NO;
				ENABLE_STRICT_OBJC_MSGSEND = YES;
				GCC_C_LANGUAGE_STANDARD = gnu11;
				GCC_NO_COMMON_BLOCKS = YES;
				GCC_WARN_64_TO_32_BIT_CONVERSION = YES;
				GCC_WARN_ABOUT_RETURN_TYPE = YES_ERROR;
				GCC_WARN_UNDECLARED_SELECTOR = YES;
				GCC_WARN_UNINITIALIZED_AUTOS = YES_AGGRESSIVE;
				GCC_WARN_UNUSED_FUNCTION = YES;
				GCC_WARN_UNUSED_VARIABLE = YES;
				IPHONEOS_DEPLOYMENT_TARGET = 14.2;
				MTL_ENABLE_DEBUG_INFO = NO;
				MTL_FAST_MATH = YES;
				SDKROOT = iphoneos;
				SWIFT_COMPILATION_MODE = wholemodule;
				SWIFT_OPTIMIZATION_LEVEL = "-O";
				VALIDATE_PRODUCT = YES;
			};
			name = Release;
		};
		FEB15F5E259A35CA00A33232 /* Debug */ = {
			isa = XCBuildConfiguration;
			buildSettings = {
				ASSETCATALOG_COMPILER_APPICON_NAME = AppIcon;
				ASSETCATALOG_COMPILER_GLOBAL_ACCENT_COLOR_NAME = AccentColor;
				CODE_SIGN_STYLE = Automatic;
				DEVELOPMENT_TEAM = QZZ5827BGY;
				INFOPLIST_FILE = "Avito iOS intership/Info.plist";
				IPHONEOS_DEPLOYMENT_TARGET = 13.1;
				LD_RUNPATH_SEARCH_PATHS = (
					"$(inherited)",
					"@executable_path/Frameworks",
				);
				PRODUCT_BUNDLE_IDENTIFIER = "t.begishev.Avito-iOS-intership";
				PRODUCT_NAME = "$(TARGET_NAME)";
				SWIFT_VERSION = 5.0;
				TARGETED_DEVICE_FAMILY = 1;
			};
			name = Debug;
		};
		FEB15F5F259A35CA00A33232 /* Release */ = {
			isa = XCBuildConfiguration;
			buildSettings = {
				ASSETCATALOG_COMPILER_APPICON_NAME = AppIcon;
				ASSETCATALOG_COMPILER_GLOBAL_ACCENT_COLOR_NAME = AccentColor;
				CODE_SIGN_STYLE = Automatic;
				DEVELOPMENT_TEAM = QZZ5827BGY;
				INFOPLIST_FILE = "Avito iOS intership/Info.plist";
				IPHONEOS_DEPLOYMENT_TARGET = 13.1;
				LD_RUNPATH_SEARCH_PATHS = (
					"$(inherited)",
					"@executable_path/Frameworks",
				);
				PRODUCT_BUNDLE_IDENTIFIER = "t.begishev.Avito-iOS-intership";
				PRODUCT_NAME = "$(TARGET_NAME)";
				SWIFT_VERSION = 5.0;
				TARGETED_DEVICE_FAMILY = 1;
			};
			name = Release;
		};
/* End XCBuildConfiguration section */

/* Begin XCConfigurationList section */
		FEB15F44259A35C900A33232 /* Build configuration list for PBXProject "Avito iOS intership" */ = {
			isa = XCConfigurationList;
			buildConfigurations = (
				FEB15F5B259A35CA00A33232 /* Debug */,
				FEB15F5C259A35CA00A33232 /* Release */,
			);
			defaultConfigurationIsVisible = 0;
			defaultConfigurationName = Release;
		};
		FEB15F5D259A35CA00A33232 /* Build configuration list for PBXNativeTarget "Avito iOS intership" */ = {
			isa = XCConfigurationList;
			buildConfigurations = (
				FEB15F5E259A35CA00A33232 /* Debug */,
				FEB15F5F259A35CA00A33232 /* Release */,
			);
			defaultConfigurationIsVisible = 0;
			defaultConfigurationName = Release;
		};
/* End XCConfigurationList section */
	};
	rootObject = FEB15F41259A35C900A33232 /* Project object */;
}
